
Microsoft Visual Studio Solution File, Format Version 12.00
# Visual Studio Version 16
VisualStudioVersion = 16.0.31729.503
MinimumVisualStudioVersion = 10.0.40219.1
Project("{FAE04EC0-301F-11D3-BF4B-00C04F79EFBC}") = "Login form", "Login form\Login form.csproj", "{CCFF2BBF-A034-424C-8631-33533FC59431}"
EndProject
Global
	GlobalSection(SolutionConfigurationPlatforms) = preSolution
		Debug|Any CPU = Debug|Any CPU
		Release|Any CPU = Release|Any CPU
	EndGlobalSection
	GlobalSection(ProjectConfigurationPlatforms) = postSolution
		{CCFF2BBF-A034-424C-8631-33533FC59431}.Debug|Any CPU.ActiveCfg = Debug|Any CPU
		{CCFF2BBF-A034-424C-8631-33533FC59431}.Debug|Any CPU.Build.0 = Debug|Any CPU
		{CCFF2BBF-A034-424C-8631-33533FC59431}.Release|Any CPU.ActiveCfg = Release|Any CPU
		{CCFF2BBF-A034-424C-8631-33533FC59431}.Release|Any CPU.Build.0 = Release|Any CPU
	EndGlobalSection
	GlobalSection(SolutionProperties) = preSolution
		HideSolutionNode = FALSE
	EndGlobalSection
	GlobalSection(ExtensibilityGlobals) = postSolution
		SolutionGuid = {43765FC6-9F90-4467-9445-12B7AC4B62B0}
	EndGlobalSection
EndGlobal
